
Microsoft Visual Studio Solution File, Format Version 12.00
# Visual Studio Version 17
VisualStudioVersion = 17.9.34723.18
MinimumVisualStudioVersion = 10.0.40219.1
Project("{8BC9CEB8-8B4A-11D0-8D11-00A0C91BC942}") = "GP1", "GP1.vcxproj", "{1946C8E4-6CC0-40C9-B200-2EDA1D8630F0}"
EndProject
Project("{8BC9CEB8-8B4A-11D0-8D11-00A0C91BC942}") = "CHPT2", "..\CHPT2\CHPT2.vcxproj", "{F74E5DEE-8932-4F5F-9332-9F588473EE51}"
EndProject
Global
	GlobalSection(SolutionConfigurationPlatforms) = preSolution
		Debug|x64 = Debug|x64
		Debug|x86 = Debug|x86
		Release|x64 = Release|x64
		Release|x86 = Release|x86
	EndGlobalSection
	GlobalSection(ProjectConfigurationPlatforms) = postSolution
		{1946C8E4-6CC0-40C9-B200-2EDA1D8630F0}.Debug|x64.ActiveCfg = Debug|x64
		{1946C8E4-6CC0-40C9-B200-2EDA1D8630F0}.Debug|x64.Build.0 = Debug|x64
		{1946C8E4-6CC0-40C9-B200-2EDA1D8630F0}.Debug|x86.ActiveCfg = Debug|Win32
		{1946C8E4-6CC0-40C9-B200-2EDA1D8630F0}.Debug|x86.Build.0 = Debug|Win32
		{1946C8E4-6CC0-40C9-B200-2EDA1D8630F0}.Release|x64.ActiveCfg = Release|x64
		{1946C8E4-6CC0-40C9-B200-2EDA1D8630F0}.Release|x64.Build.0 = Release|x64
		{1946C8E4-6CC0-40C9-B200-2EDA1D8630F0}.Release|x86.ActiveCfg = Release|Win32
		{1946C8E4-6CC0-40C9-B200-2EDA1D8630F0}.Release|x86.Build.0 = Release|Win32
		{F74E5DEE-8932-4F5F-9332-9F588473EE51}.Debug|x64.ActiveCfg = Debug|x64
		{F74E5DEE-8932-4F5F-9332-9F588473EE51}.Debug|x64.Build.0 = Debug|x64
		{F74E5DEE-8932-4F5F-9332-9F588473EE51}.Debug|x86.ActiveCfg = Debug|Win32
		{F74E5DEE-8932-4F5F-9332-9F588473EE51}.Debug|x86.Build.0 = Debug|Win32
		{F74E5DEE-8932-4F5F-9332-9F588473EE51}.Release|x64.ActiveCfg = Release|x64
		{F74E5DEE-8932-4F5F-9332-9F588473EE51}.Release|x64.Build.0 = Release|x64
		{F74E5DEE-8932-4F5F-9332-9F588473EE51}.Release|x86.ActiveCfg = Release|Win32
		{F74E5DEE-8932-4F5F-9332-9F588473EE51}.Release|x86.Build.0 = Release|Win32
	EndGlobalSection
	GlobalSection(SolutionProperties) = preSolution
		HideSolutionNode = FALSE
	EndGlobalSection
	GlobalSection(ExtensibilityGlobals) = postSolution
		SolutionGuid = {6A0D1C02-BDE5-4DB6-ABB9-CB81E2D831BB}
	EndGlobalSection
EndGlobal
